// !$*UTF8*$!
{
	archiveVersion = 1;
	classes = {
	};
	objectVersion = 50;
	objects = {

/* Begin PBXBuildFile section */
		6C2BF07325B8E554009894F6 /* FactorialZeros.swift in Sources */ = {isa = PBXBuildFile; fileRef = 6C2BF07225B8E554009894F6 /* FactorialZeros.swift */; };
		6C306F5825C76F980020F5C3 /* UNLock.swift in Sources */ = {isa = PBXBuildFile; fileRef = 6C306F5725C76F980020F5C3 /* UNLock.swift */; };
		6C48937725C61A7F007A623F /* Beet.swift in Sources */ = {isa = PBXBuildFile; fileRef = 6C48937625C61A7F007A623F /* Beet.swift */; };
		6C49DDC225B6285B002BAA3B /* ThirdMax.swift in Sources */ = {isa = PBXBuildFile; fileRef = 6C49DDC125B6285B002BAA3B /* ThirdMax.swift */; };
		6C56F03525BB8C4C00C17F17 /* FoundTownJudge.swift in Sources */ = {isa = PBXBuildFile; fileRef = 6C56F03425BB8C4C00C17F17 /* FoundTownJudge.swift */; };
		6C70644C25CB61A2006FBD2E /* Binary.swift in Sources */ = {isa = PBXBuildFile; fileRef = 6C70644B25CB61A2006FBD2E /* Binary.swift */; };
		6C740BBA25B3A1AE0079A872 /* LeetCodeBank.swift in Sources */ = {isa = PBXBuildFile; fileRef = 6C740BB925B3A1AE0079A872 /* LeetCodeBank.swift */; };
		6C811D0625B79A280087C273 /* ExelSheetColumn.swift in Sources */ = {isa = PBXBuildFile; fileRef = 6C811D0525B79A280087C273 /* ExelSheetColumn.swift */; };
		6C979BA825B4FB4600D13F04 /* BuddyString.swift in Sources */ = {isa = PBXBuildFile; fileRef = 6C979BA725B4FB4600D13F04 /* BuddyString.swift */; };
		6C97EFBA25BE2E6000801DFF /* SecondMinimuimBinaryTree.swift in Sources */ = {isa = PBXBuildFile; fileRef = 6C97EFB925BE2E6000801DFF /* SecondMinimuimBinaryTree.swift */; };
		6C9A23E625BF854100D3D3CB /* BalancedBinaryTree.swift in Sources */ = {isa = PBXBuildFile; fileRef = 6C9A23E525BF854100D3D3CB /* BalancedBinaryTree.swift */; };
		6CA22A5525BA3A4E00443F7E /* DeckCards.swift in Sources */ = {isa = PBXBuildFile; fileRef = 6CA22A5425BA3A4E00443F7E /* DeckCards.swift */; };
		6CDC729325C2215200128866 /* ISSubSequence.swift in Sources */ = {isa = PBXBuildFile; fileRef = 6CDC729225C2215200128866 /* ISSubSequence.swift */; };
		6CE4E3A125BCDD7300E4D52F /* Test.swift in Sources */ = {isa = PBXBuildFile; fileRef = 6CE4E3A025BCDD7300E4D52F /* Test.swift */; };
		6CE4E3A325BCDD9700E4D52F /* TreeNode.swift in Sources */ = {isa = PBXBuildFile; fileRef = 6CE4E3A225BCDD9700E4D52F /* TreeNode.swift */; };
		6CEF940F25B24BBB006FF336 /* ISHappy.swift in Sources */ = {isa = PBXBuildFile; fileRef = 6CEF940E25B24BBB006FF336 /* ISHappy.swift */; };
		6CEF941325B2516D006FF336 /* PrimesCount.swift in Sources */ = {isa = PBXBuildFile; fileRef = 6CEF941225B2516D006FF336 /* PrimesCount.swift */; };
		6CFF54DA25B0F68A00588D2D /* AppDelegate.swift in Sources */ = {isa = PBXBuildFile; fileRef = 6CFF54D925B0F68A00588D2D /* AppDelegate.swift */; };
		6CFF54DC25B0F68A00588D2D /* SceneDelegate.swift in Sources */ = {isa = PBXBuildFile; fileRef = 6CFF54DB25B0F68A00588D2D /* SceneDelegate.swift */; };
		6CFF54DE25B0F68A00588D2D /* ContentView.swift in Sources */ = {isa = PBXBuildFile; fileRef = 6CFF54DD25B0F68A00588D2D /* ContentView.swift */; };
		6CFF54E025B0F68C00588D2D /* Assets.xcassets in Resources */ = {isa = PBXBuildFile; fileRef = 6CFF54DF25B0F68C00588D2D /* Assets.xcassets */; };
		6CFF54E325B0F68C00588D2D /* Preview Assets.xcassets in Resources */ = {isa = PBXBuildFile; fileRef = 6CFF54E225B0F68C00588D2D /* Preview Assets.xcassets */; };
		6CFF54E625B0F68C00588D2D /* LaunchScreen.storyboard in Resources */ = {isa = PBXBuildFile; fileRef = 6CFF54E425B0F68C00588D2D /* LaunchScreen.storyboard */; };
		6CFF54F125B0F68C00588D2D /* SubdomainVisits.swift in Sources */ = {isa = PBXBuildFile; fileRef = 6CFF54F025B0F68C00588D2D /* SubdomainVisits.swift */; };
/* End PBXBuildFile section */

/* Begin PBXContainerItemProxy section */
		6CFF54ED25B0F68C00588D2D /* PBXContainerItemProxy */ = {
			isa = PBXContainerItemProxy;
			containerPortal = 6CFF54CE25B0F68A00588D2D /* Project object */;
			proxyType = 1;
			remoteGlobalIDString = 6CFF54D525B0F68A00588D2D;
			remoteInfo = AB_ProblemSolving;
		};
/* End PBXContainerItemProxy section */

/* Begin PBXFileReference section */
		6C2BF07225B8E554009894F6 /* FactorialZeros.swift */ = {isa = PBXFileReference; lastKnownFileType = sourcecode.swift; path = FactorialZeros.swift; sourceTree = "<group>"; };
		6C306F5725C76F980020F5C3 /* UNLock.swift */ = {isa = PBXFileReference; lastKnownFileType = sourcecode.swift; path = UNLock.swift; sourceTree = "<group>"; };
		6C48937625C61A7F007A623F /* Beet.swift */ = {isa = PBXFileReference; lastKnownFileType = sourcecode.swift; path = Beet.swift; sourceTree = "<group>"; };
		6C49DDC125B6285B002BAA3B /* ThirdMax.swift */ = {isa = PBXFileReference; lastKnownFileType = sourcecode.swift; path = ThirdMax.swift; sourceTree = "<group>"; };
		6C56F03425BB8C4C00C17F17 /* FoundTownJudge.swift */ = {isa = PBXFileReference; lastKnownFileType = sourcecode.swift; path = FoundTownJudge.swift; sourceTree = "<group>"; };
		6C70644B25CB61A2006FBD2E /* Binary.swift */ = {isa = PBXFileReference; lastKnownFileType = sourcecode.swift; path = Binary.swift; sourceTree = "<group>"; };
		6C740BB925B3A1AE0079A872 /* LeetCodeBank.swift */ = {isa = PBXFileReference; lastKnownFileType = sourcecode.swift; path = LeetCodeBank.swift; sourceTree = "<group>"; };
		6C811D0525B79A280087C273 /* ExelSheetColumn.swift */ = {isa = PBXFileReference; lastKnownFileType = sourcecode.swift; path = ExelSheetColumn.swift; sourceTree = "<group>"; };
		6C979BA725B4FB4600D13F04 /* BuddyString.swift */ = {isa = PBXFileReference; lastKnownFileType = sourcecode.swift; path = BuddyString.swift; sourceTree = "<group>"; };
		6C97EFB925BE2E6000801DFF /* SecondMinimuimBinaryTree.swift */ = {isa = PBXFileReference; lastKnownFileType = sourcecode.swift; path = SecondMinimuimBinaryTree.swift; sourceTree = "<group>"; };
		6C9A23E525BF854100D3D3CB /* BalancedBinaryTree.swift */ = {isa = PBXFileReference; lastKnownFileType = sourcecode.swift; path = BalancedBinaryTree.swift; sourceTree = "<group>"; };
		6CA22A5425BA3A4E00443F7E /* DeckCards.swift */ = {isa = PBXFileReference; lastKnownFileType = sourcecode.swift; path = DeckCards.swift; sourceTree = "<group>"; };
		6CDC729225C2215200128866 /* ISSubSequence.swift */ = {isa = PBXFileReference; lastKnownFileType = sourcecode.swift; path = ISSubSequence.swift; sourceTree = "<group>"; };
		6CE4E3A025BCDD7300E4D52F /* Test.swift */ = {isa = PBXFileReference; lastKnownFileType = sourcecode.swift; path = Test.swift; sourceTree = "<group>"; };
		6CE4E3A225BCDD9700E4D52F /* TreeNode.swift */ = {isa = PBXFileReference; lastKnownFileType = sourcecode.swift; path = TreeNode.swift; sourceTree = "<group>"; };
		6CEF940E25B24BBB006FF336 /* ISHappy.swift */ = {isa = PBXFileReference; lastKnownFileType = sourcecode.swift; path = ISHappy.swift; sourceTree = "<group>"; };
		6CEF941225B2516D006FF336 /* PrimesCount.swift */ = {isa = PBXFileReference; lastKnownFileType = sourcecode.swift; path = PrimesCount.swift; sourceTree = "<group>"; };
		6CFF54D625B0F68A00588D2D /* AB_ProblemSolving.app */ = {isa = PBXFileReference; explicitFileType = wrapper.application; includeInIndex = 0; path = AB_ProblemSolving.app; sourceTree = BUILT_PRODUCTS_DIR; };
		6CFF54D925B0F68A00588D2D /* AppDelegate.swift */ = {isa = PBXFileReference; lastKnownFileType = sourcecode.swift; path = AppDelegate.swift; sourceTree = "<group>"; };
		6CFF54DB25B0F68A00588D2D /* SceneDelegate.swift */ = {isa = PBXFileReference; lastKnownFileType = sourcecode.swift; path = SceneDelegate.swift; sourceTree = "<group>"; };
		6CFF54DD25B0F68A00588D2D /* ContentView.swift */ = {isa = PBXFileReference; lastKnownFileType = sourcecode.swift; path = ContentView.swift; sourceTree = "<group>"; };
		6CFF54DF25B0F68C00588D2D /* Assets.xcassets */ = {isa = PBXFileReference; lastKnownFileType = folder.assetcatalog; path = Assets.xcassets; sourceTree = "<group>"; };
		6CFF54E225B0F68C00588D2D /* Preview Assets.xcassets */ = {isa = PBXFileReference; lastKnownFileType = folder.assetcatalog; path = "Preview Assets.xcassets"; sourceTree = "<group>"; };
		6CFF54E525B0F68C00588D2D /* Base */ = {isa = PBXFileReference; lastKnownFileType = file.storyboard; name = Base; path = Base.lproj/LaunchScreen.storyboard; sourceTree = "<group>"; };
		6CFF54E725B0F68C00588D2D /* Info.plist */ = {isa = PBXFileReference; lastKnownFileType = text.plist.xml; path = Info.plist; sourceTree = "<group>"; };
		6CFF54EC25B0F68C00588D2D /* AB_ProblemSolvingTests.xctest */ = {isa = PBXFileReference; explicitFileType = wrapper.cfbundle; includeInIndex = 0; path = AB_ProblemSolvingTests.xctest; sourceTree = BUILT_PRODUCTS_DIR; };
		6CFF54F025B0F68C00588D2D /* SubdomainVisits.swift */ = {isa = PBXFileReference; lastKnownFileType = sourcecode.swift; path = SubdomainVisits.swift; sourceTree = "<group>"; };
		6CFF54F225B0F68C00588D2D /* Info.plist */ = {isa = PBXFileReference; lastKnownFileType = text.plist.xml; path = Info.plist; sourceTree = "<group>"; };
/* End PBXFileReference section */

/* Begin PBXFrameworksBuildPhase section */
		6CFF54D325B0F68A00588D2D /* Frameworks */ = {
			isa = PBXFrameworksBuildPhase;
			buildActionMask = 2147483647;
			files = (
			);
			runOnlyForDeploymentPostprocessing = 0;
		};
		6CFF54E925B0F68C00588D2D /* Frameworks */ = {
			isa = PBXFrameworksBuildPhase;
			buildActionMask = 2147483647;
			files = (
			);
			runOnlyForDeploymentPostprocessing = 0;
		};
/* End PBXFrameworksBuildPhase section */

/* Begin PBXGroup section */
		6CFF54CD25B0F68A00588D2D = {
			isa = PBXGroup;
			children = (
				6CFF54D825B0F68A00588D2D /* AB_ProblemSolving */,
				6CFF54EF25B0F68C00588D2D /* AB_ProblemSolvingTests */,
				6CFF54D725B0F68A00588D2D /* Products */,
			);
			sourceTree = "<group>";
		};
		6CFF54D725B0F68A00588D2D /* Products */ = {
			isa = PBXGroup;
			children = (
				6CFF54D625B0F68A00588D2D /* AB_ProblemSolving.app */,
				6CFF54EC25B0F68C00588D2D /* AB_ProblemSolvingTests.xctest */,
			);
			name = Products;
			sourceTree = "<group>";
		};
		6CFF54D825B0F68A00588D2D /* AB_ProblemSolving */ = {
			isa = PBXGroup;
			children = (
				6CFF54D925B0F68A00588D2D /* AppDelegate.swift */,
				6CFF54DB25B0F68A00588D2D /* SceneDelegate.swift */,
				6CFF54DD25B0F68A00588D2D /* ContentView.swift */,
				6CFF54DF25B0F68C00588D2D /* Assets.xcassets */,
				6CFF54E425B0F68C00588D2D /* LaunchScreen.storyboard */,
				6CFF54E725B0F68C00588D2D /* Info.plist */,
				6CFF54E125B0F68C00588D2D /* Preview Content */,
			);
			path = AB_ProblemSolving;
			sourceTree = "<group>";
		};
		6CFF54E125B0F68C00588D2D /* Preview Content */ = {
			isa = PBXGroup;
			children = (
				6CFF54E225B0F68C00588D2D /* Preview Assets.xcassets */,
			);
			path = "Preview Content";
			sourceTree = "<group>";
		};
		6CFF54EF25B0F68C00588D2D /* AB_ProblemSolvingTests */ = {
			isa = PBXGroup;
			children = (
				6CFF54F025B0F68C00588D2D /* SubdomainVisits.swift */,
				6CFF54F225B0F68C00588D2D /* Info.plist */,
				6CEF940E25B24BBB006FF336 /* ISHappy.swift */,
				6CEF941225B2516D006FF336 /* PrimesCount.swift */,
				6C740BB925B3A1AE0079A872 /* LeetCodeBank.swift */,
				6C979BA725B4FB4600D13F04 /* BuddyString.swift */,
				6C49DDC125B6285B002BAA3B /* ThirdMax.swift */,
				6C811D0525B79A280087C273 /* ExelSheetColumn.swift */,
				6C2BF07225B8E554009894F6 /* FactorialZeros.swift */,
				6CA22A5425BA3A4E00443F7E /* DeckCards.swift */,
				6C56F03425BB8C4C00C17F17 /* FoundTownJudge.swift */,
				6CE4E3A025BCDD7300E4D52F /* Test.swift */,
				6CE4E3A225BCDD9700E4D52F /* TreeNode.swift */,
				6C97EFB925BE2E6000801DFF /* SecondMinimuimBinaryTree.swift */,
				6C9A23E525BF854100D3D3CB /* BalancedBinaryTree.swift */,
				6CDC729225C2215200128866 /* ISSubSequence.swift */,
				6C48937625C61A7F007A623F /* Beet.swift */,
				6C306F5725C76F980020F5C3 /* UNLock.swift */,
				6C70644B25CB61A2006FBD2E /* Binary.swift */,
			);
			path = AB_ProblemSolvingTests;
			sourceTree = "<group>";
		};
/* End PBXGroup section */

/* Begin PBXNativeTarget section */
		6CFF54D525B0F68A00588D2D /* AB_ProblemSolving */ = {
			isa = PBXNativeTarget;
			buildConfigurationList = 6CFF54F525B0F68C00588D2D /* Build configuration list for PBXNativeTarget "AB_ProblemSolving" */;
			buildPhases = (
				6CFF54D225B0F68A00588D2D /* Sources */,
				6CFF54D325B0F68A00588D2D /* Frameworks */,
				6CFF54D425B0F68A00588D2D /* Resources */,
			);
			buildRules = (
			);
			dependencies = (
			);
			name = AB_ProblemSolving;
			productName = AB_ProblemSolving;
			productReference = 6CFF54D625B0F68A00588D2D /* AB_ProblemSolving.app */;
			productType = "com.apple.product-type.application";
		};
		6CFF54EB25B0F68C00588D2D /* AB_ProblemSolvingTests */ = {
			isa = PBXNativeTarget;
			buildConfigurationList = 6CFF54F825B0F68C00588D2D /* Build configuration list for PBXNativeTarget "AB_ProblemSolvingTests" */;
			buildPhases = (
				6CFF54E825B0F68C00588D2D /* Sources */,
				6CFF54E925B0F68C00588D2D /* Frameworks */,
				6CFF54EA25B0F68C00588D2D /* Resources */,
			);
			buildRules = (
			);
			dependencies = (
				6CFF54EE25B0F68C00588D2D /* PBXTargetDependency */,
			);
			name = AB_ProblemSolvingTests;
			productName = AB_ProblemSolvingTests;
			productReference = 6CFF54EC25B0F68C00588D2D /* AB_ProblemSolvingTests.xctest */;
			productType = "com.apple.product-type.bundle.unit-test";
		};
/* End PBXNativeTarget section */

/* Begin PBXProject section */
		6CFF54CE25B0F68A00588D2D /* Project object */ = {
			isa = PBXProject;
			attributes = {
				LastSwiftUpdateCheck = 1150;
				LastUpgradeCheck = 1150;
				ORGANIZATIONNAME = ab;
				TargetAttributes = {
					6CFF54D525B0F68A00588D2D = {
						CreatedOnToolsVersion = 11.5;
					};
					6CFF54EB25B0F68C00588D2D = {
						CreatedOnToolsVersion = 11.5;
						TestTargetID = 6CFF54D525B0F68A00588D2D;
					};
				};
			};
			buildConfigurationList = 6CFF54D125B0F68A00588D2D /* Build configuration list for PBXProject "AB_ProblemSolving" */;
			compatibilityVersion = "Xcode 9.3";
			developmentRegion = en;
			hasScannedForEncodings = 0;
			knownRegions = (
				en,
				Base,
			);
			mainGroup = 6CFF54CD25B0F68A00588D2D;
			productRefGroup = 6CFF54D725B0F68A00588D2D /* Products */;
			projectDirPath = "";
			projectRoot = "";
			targets = (
				6CFF54D525B0F68A00588D2D /* AB_ProblemSolving */,
				6CFF54EB25B0F68C00588D2D /* AB_ProblemSolvingTests */,
			);
		};
/* End PBXProject section */

/* Begin PBXResourcesBuildPhase section */
		6CFF54D425B0F68A00588D2D /* Resources */ = {
			isa = PBXResourcesBuildPhase;
			buildActionMask = 2147483647;
			files = (
				6CFF54E625B0F68C00588D2D /* LaunchScreen.storyboard in Resources */,
				6CFF54E325B0F68C00588D2D /* Preview Assets.xcassets in Resources */,
				6CFF54E025B0F68C00588D2D /* Assets.xcassets in Resources */,
			);
			runOnlyForDeploymentPostprocessing = 0;
		};
		6CFF54EA25B0F68C00588D2D /* Resources */ = {
			isa = PBXResourcesBuildPhase;
			buildActionMask = 2147483647;
			files = (
			);
			runOnlyForDeploymentPostprocessing = 0;
		};
/* End PBXResourcesBuildPhase section */

/* Begin PBXSourcesBuildPhase section */
		6CFF54D225B0F68A00588D2D /* Sources */ = {
			isa = PBXSourcesBuildPhase;
			buildActionMask = 2147483647;
			files = (
				6CFF54DA25B0F68A00588D2D /* AppDelegate.swift in Sources */,
				6CFF54DC25B0F68A00588D2D /* SceneDelegate.swift in Sources */,
				6CFF54DE25B0F68A00588D2D /* ContentView.swift in Sources */,
			);
			runOnlyForDeploymentPostprocessing = 0;
		};
		6CFF54E825B0F68C00588D2D /* Sources */ = {
			isa = PBXSourcesBuildPhase;
			buildActionMask = 2147483647;
			files = (
				6C9A23E625BF854100D3D3CB /* BalancedBinaryTree.swift in Sources */,
				6C97EFBA25BE2E6000801DFF /* SecondMinimuimBinaryTree.swift in Sources */,
				6C979BA825B4FB4600D13F04 /* BuddyString.swift in Sources */,
				6CEF940F25B24BBB006FF336 /* ISHappy.swift in Sources */,
				6C56F03525BB8C4C00C17F17 /* FoundTownJudge.swift in Sources */,
				6C48937725C61A7F007A623F /* Beet.swift in Sources */,
				6C49DDC225B6285B002BAA3B /* ThirdMax.swift in Sources */,
				6CA22A5525BA3A4E00443F7E /* DeckCards.swift in Sources */,
				6CE4E3A125BCDD7300E4D52F /* Test.swift in Sources */,
				6C306F5825C76F980020F5C3 /* UNLock.swift in Sources */,
				6C70644C25CB61A2006FBD2E /* Binary.swift in Sources */,
				6CEF941325B2516D006FF336 /* PrimesCount.swift in Sources */,
				6C811D0625B79A280087C273 /* ExelSheetColumn.swift in Sources */,
				6C740BBA25B3A1AE0079A872 /* LeetCodeBank.swift in Sources */,
				6CFF54F125B0F68C00588D2D /* SubdomainVisits.swift in Sources */,
				6C2BF07325B8E554009894F6 /* FactorialZeros.swift in Sources */,
				6CE4E3A325BCDD9700E4D52F /* TreeNode.swift in Sources */,
				6CDC729325C2215200128866 /* ISSubSequence.swift in Sources */,
			);
			runOnlyForDeploymentPostprocessing = 0;
		};
/* End PBXSourcesBuildPhase section */

/* Begin PBXTargetDependency section */
		6CFF54EE25B0F68C00588D2D /* PBXTargetDependency */ = {
			isa = PBXTargetDependency;
			target = 6CFF54D525B0F68A00588D2D /* AB_ProblemSolving */;
			targetProxy = 6CFF54ED25B0F68C00588D2D /* PBXContainerItemProxy */;
		};
/* End PBXTargetDependency section */

/* Begin PBXVariantGroup section */
		6CFF54E425B0F68C00588D2D /* LaunchScreen.storyboard */ = {
			isa = PBXVariantGroup;
			children = (
				6CFF54E525B0F68C00588D2D /* Base */,
			);
			name = LaunchScreen.storyboard;
			sourceTree = "<group>";
		};
/* End PBXVariantGroup section */

/* Begin XCBuildConfiguration section */
		6CFF54F325B0F68C00588D2D /* Debug */ = {
			isa = XCBuildConfiguration;
			buildSettings = {
				ALWAYS_SEARCH_USER_PATHS = NO;
				CLANG_ANALYZER_NONNULL = YES;
				CLANG_ANALYZER_NUMBER_OBJECT_CONVERSION = YES_AGGRESSIVE;
				CLANG_CXX_LANGUAGE_STANDARD = "gnu++14";
				CLANG_CXX_LIBRARY = "libc++";
				CLANG_ENABLE_MODULES = YES;
				CLANG_ENABLE_OBJC_ARC = YES;
				CLANG_ENABLE_OBJC_WEAK = YES;
				CLANG_WARN_BLOCK_CAPTURE_AUTORELEASING = YES;
				CLANG_WARN_BOOL_CONVERSION = YES;
				CLANG_WARN_COMMA = YES;
				CLANG_WARN_CONSTANT_CONVERSION = YES;
				CLANG_WARN_DEPRECATED_OBJC_IMPLEMENTATIONS = YES;
				CLANG_WARN_DIRECT_OBJC_ISA_USAGE = YES_ERROR;
				CLANG_WARN_DOCUMENTATION_COMMENTS = YES;
				CLANG_WARN_EMPTY_BODY = YES;
				CLANG_WARN_ENUM_CONVERSION = YES;
				CLANG_WARN_INFINITE_RECURSION = YES;
				CLANG_WARN_INT_CONVERSION = YES;
				CLANG_WARN_NON_LITERAL_NULL_CONVERSION = YES;
				CLANG_WARN_OBJC_IMPLICIT_RETAIN_SELF = YES;
				CLANG_WARN_OBJC_LITERAL_CONVERSION = YES;
				CLANG_WARN_OBJC_ROOT_CLASS = YES_ERROR;
				CLANG_WARN_RANGE_LOOP_ANALYSIS = YES;
				CLANG_WARN_STRICT_PROTOTYPES = YES;
				CLANG_WARN_SUSPICIOUS_MOVE = YES;
				CLANG_WARN_UNGUARDED_AVAILABILITY = YES_AGGRESSIVE;
				CLANG_WARN_UNREACHABLE_CODE = YES;
				CLANG_WARN__DUPLICATE_METHOD_MATCH = YES;
				COPY_PHASE_STRIP = NO;
				DEBUG_INFORMATION_FORMAT = dwarf;
				ENABLE_STRICT_OBJC_MSGSEND = YES;
				ENABLE_TESTABILITY = YES;
				GCC_C_LANGUAGE_STANDARD = gnu11;
				GCC_DYNAMIC_NO_PIC = NO;
				GCC_NO_COMMON_BLOCKS = YES;
				GCC_OPTIMIZATION_LEVEL = 0;
				GCC_PREPROCESSOR_DEFINITIONS = (
					"DEBUG=1",
					"$(inherited)",
				);
				GCC_WARN_64_TO_32_BIT_CONVERSION = YES;
				GCC_WARN_ABOUT_RETURN_TYPE = YES_ERROR;
				GCC_WARN_UNDECLARED_SELECTOR = YES;
				GCC_WARN_UNINITIALIZED_AUTOS = YES_AGGRESSIVE;
				GCC_WARN_UNUSED_FUNCTION = YES;
				GCC_WARN_UNUSED_VARIABLE = YES;
				IPHONEOS_DEPLOYMENT_TARGET = 13.5;
				MTL_ENABLE_DEBUG_INFO = INCLUDE_SOURCE;
				MTL_FAST_MATH = YES;
				ONLY_ACTIVE_ARCH = YES;
				SDKROOT = iphoneos;
				SWIFT_ACTIVE_COMPILATION_CONDITIONS = DEBUG;
				SWIFT_OPTIMIZATION_LEVEL = "-Onone";
			};
			name = Debug;
		};
		6CFF54F425B0F68C00588D2D /* Release */ = {
			isa = XCBuildConfiguration;
			buildSettings = {
				ALWAYS_SEARCH_USER_PATHS = NO;
				CLANG_ANALYZER_NONNULL = YES;
				CLANG_ANALYZER_NUMBER_OBJECT_CONVERSION = YES_AGGRESSIVE;
				CLANG_CXX_LANGUAGE_STANDARD = "gnu++14";
				CLANG_CXX_LIBRARY = "libc++";
				CLANG_ENABLE_MODULES = YES;
				CLANG_ENABLE_OBJC_ARC = YES;
				CLANG_ENABLE_OBJC_WEAK = YES;
				CLANG_WARN_BLOCK_CAPTURE_AUTORELEASING = YES;
				CLANG_WARN_BOOL_CONVERSION = YES;
				CLANG_WARN_COMMA = YES;
				CLANG_WARN_CONSTANT_CONVERSION = YES;
				CLANG_WARN_DEPRECATED_OBJC_IMPLEMENTATIONS = YES;
				CLANG_WARN_DIRECT_OBJC_ISA_USAGE = YES_ERROR;
				CLANG_WARN_DOCUMENTATION_COMMENTS = YES;
				CLANG_WARN_EMPTY_BODY = YES;
				CLANG_WARN_ENUM_CONVERSION = YES;
				CLANG_WARN_INFINITE_RECURSION = YES;
				CLANG_WARN_INT_CONVERSION = YES;
				CLANG_WARN_NON_LITERAL_NULL_CONVERSION = YES;
				CLANG_WARN_OBJC_IMPLICIT_RETAIN_SELF = YES;
				CLANG_WARN_OBJC_LITERAL_CONVERSION = YES;
				CLANG_WARN_OBJC_ROOT_CLASS = YES_ERROR;
				CLANG_WARN_RANGE_LOOP_ANALYSIS = YES;
				CLANG_WARN_STRICT_PROTOTYPES = YES;
				CLANG_WARN_SUSPICIOUS_MOVE = YES;
				CLANG_WARN_UNGUARDED_AVAILABILITY = YES_AGGRESSIVE;
				CLANG_WARN_UNREACHABLE_CODE = YES;
				CLANG_WARN__DUPLICATE_METHOD_MATCH = YES;
				COPY_PHASE_STRIP = NO;
				DEBUG_INFORMATION_FORMAT = "dwarf-with-dsym";
				ENABLE_NS_ASSERTIONS = NO;
				ENABLE_STRICT_OBJC_MSGSEND = YES;
				GCC_C_LANGUAGE_STANDARD = gnu11;
				GCC_NO_COMMON_BLOCKS = YES;
				GCC_WARN_64_TO_32_BIT_CONVERSION = YES;
				GCC_WARN_ABOUT_RETURN_TYPE = YES_ERROR;
				GCC_WARN_UNDECLARED_SELECTOR = YES;
				GCC_WARN_UNINITIALIZED_AUTOS = YES_AGGRESSIVE;
				GCC_WARN_UNUSED_FUNCTION = YES;
				GCC_WARN_UNUSED_VARIABLE = YES;
				IPHONEOS_DEPLOYMENT_TARGET = 13.5;
				MTL_ENABLE_DEBUG_INFO = NO;
				MTL_FAST_MATH = YES;
				SDKROOT = iphoneos;
				SWIFT_COMPILATION_MODE = wholemodule;
				SWIFT_OPTIMIZATION_LEVEL = "-O";
				VALIDATE_PRODUCT = YES;
			};
			name = Release;
		};
		6CFF54F625B0F68C00588D2D /* Debug */ = {
			isa = XCBuildConfiguration;
			buildSettings = {
				ASSETCATALOG_COMPILER_APPICON_NAME = AppIcon;
				CODE_SIGN_STYLE = Automatic;
				DEVELOPMENT_ASSET_PATHS = "\"AB_ProblemSolving/Preview Content\"";
				DEVELOPMENT_TEAM = 475YN7ANSF;
				ENABLE_PREVIEWS = YES;
				INFOPLIST_FILE = AB_ProblemSolving/Info.plist;
				LD_RUNPATH_SEARCH_PATHS = (
					"$(inherited)",
					"@executable_path/Frameworks",
				);
				PRODUCT_BUNDLE_IDENTIFIER = "ab.AB-ProblemSolving";
				PRODUCT_NAME = "$(TARGET_NAME)";
				SWIFT_VERSION = 5.0;
				TARGETED_DEVICE_FAMILY = "1,2";
			};
			name = Debug;
		};
		6CFF54F725B0F68C00588D2D /* Release */ = {
			isa = XCBuildConfiguration;
			buildSettings = {
				ASSETCATALOG_COMPILER_APPICON_NAME = AppIcon;
				CODE_SIGN_STYLE = Automatic;
				DEVELOPMENT_ASSET_PATHS = "\"AB_ProblemSolving/Preview Content\"";
				DEVELOPMENT_TEAM = 475YN7ANSF;
				ENABLE_PREVIEWS = YES;
				INFOPLIST_FILE = AB_ProblemSolving/Info.plist;
				LD_RUNPATH_SEARCH_PATHS = (
					"$(inherited)",
					"@executable_path/Frameworks",
				);
				PRODUCT_BUNDLE_IDENTIFIER = "ab.AB-ProblemSolving";
				PRODUCT_NAME = "$(TARGET_NAME)";
				SWIFT_VERSION = 5.0;
				TARGETED_DEVICE_FAMILY = "1,2";
			};
			name = Release;
		};
		6CFF54F925B0F68C00588D2D /* Debug */ = {
			isa = XCBuildConfiguration;
			buildSettings = {
				ALWAYS_EMBED_SWIFT_STANDARD_LIBRARIES = YES;
				BUNDLE_LOADER = "$(TEST_HOST)";
				CODE_SIGN_STYLE = Automatic;
				DEVELOPMENT_TEAM = 475YN7ANSF;
				INFOPLIST_FILE = AB_ProblemSolvingTests/Info.plist;
				IPHONEOS_DEPLOYMENT_TARGET = 13.5;
				LD_RUNPATH_SEARCH_PATHS = (
					"$(inherited)",
					"@executable_path/Frameworks",
					"@loader_path/Frameworks",
				);
				PRODUCT_BUNDLE_IDENTIFIER = "ab.AB-ProblemSolvingTests";
				PRODUCT_NAME = "$(TARGET_NAME)";
				SWIFT_VERSION = 5.0;
				TARGETED_DEVICE_FAMILY = "1,2";
				TEST_HOST = "$(BUILT_PRODUCTS_DIR)/AB_ProblemSolving.app/AB_ProblemSolving";
			};
			name = Debug;
		};
		6CFF54FA25B0F68C00588D2D /* Release */ = {
			isa = XCBuildConfiguration;
			buildSettings = {
				ALWAYS_EMBED_SWIFT_STANDARD_LIBRARIES = YES;
				BUNDLE_LOADER = "$(TEST_HOST)";
				CODE_SIGN_STYLE = Automatic;
				DEVELOPMENT_TEAM = 475YN7ANSF;
				INFOPLIST_FILE = AB_ProblemSolvingTests/Info.plist;
				IPHONEOS_DEPLOYMENT_TARGET = 13.5;
				LD_RUNPATH_SEARCH_PATHS = (
					"$(inherited)",
					"@executable_path/Frameworks",
					"@loader_path/Frameworks",
				);
				PRODUCT_BUNDLE_IDENTIFIER = "ab.AB-ProblemSolvingTests";
				PRODUCT_NAME = "$(TARGET_NAME)";
				SWIFT_VERSION = 5.0;
				TARGETED_DEVICE_FAMILY = "1,2";
				TEST_HOST = "$(BUILT_PRODUCTS_DIR)/AB_ProblemSolving.app/AB_ProblemSolving";
			};
			name = Release;
		};
/* End XCBuildConfiguration section */

/* Begin XCConfigurationList section */
		6CFF54D125B0F68A00588D2D /* Build configuration list for PBXProject "AB_ProblemSolving" */ = {
			isa = XCConfigurationList;
			buildConfigurations = (
				6CFF54F325B0F68C00588D2D /* Debug */,
				6CFF54F425B0F68C00588D2D /* Release */,
			);
			defaultConfigurationIsVisible = 0;
			defaultConfigurationName = Release;
		};
		6CFF54F525B0F68C00588D2D /* Build configuration list for PBXNativeTarget "AB_ProblemSolving" */ = {
			isa = XCConfigurationList;
			buildConfigurations = (
				6CFF54F625B0F68C00588D2D /* Debug */,
				6CFF54F725B0F68C00588D2D /* Release */,
			);
			defaultConfigurationIsVisible = 0;
			defaultConfigurationName = Release;
		};
		6CFF54F825B0F68C00588D2D /* Build configuration list for PBXNativeTarget "AB_ProblemSolvingTests" */ = {
			isa = XCConfigurationList;
			buildConfigurations = (
				6CFF54F925B0F68C00588D2D /* Debug */,
				6CFF54FA25B0F68C00588D2D /* Release */,
			);
			defaultConfigurationIsVisible = 0;
			defaultConfigurationName = Release;
		};
/* End XCConfigurationList section */
	};
	rootObject = 6CFF54CE25B0F68A00588D2D /* Project object */;
}
